{
  "name": "sails_app",
  "lockfileVersion": 2,
  "requires": true,
  "packages": {
    "": {
      "dependencies": {
        "sails-mysql": "^0.12.2"
      }
    },
    "node_modules/async": {
      "version": "1.5.2",
      "resolved": "https://registry.npmjs.org/async/-/async-1.5.2.tgz",
      "integrity": "sha512-nSVgobk4rv61R9PUSDtYt7mPVB2olxNR5RWJcAsH676/ef11bUZwvu7+RGYrYauVdDPcO519v68wRhXQtxsV9w=="
    },
    "node_modules/bignumber.js": {
      "version": "2.1.4",
      "resolved": "https://registry.npmjs.org/bignumber.js/-/bignumber.js-2.1.4.tgz",
      "integrity": "sha512-PhdpWV1ZW/iHEu6afTiECdXnajFqTHw9GciGVHPGPqtdTnglT0EiFrTga7uHJj76uXPIEEGgO/iTraWGGrd0dg==",
      "engines": {
        "node": "*"
      }
    },
    "node_modules/core-util-is": {
      "version": "1.0.3",
      "resolved": "https://registry.npmjs.org/core-util-is/-/core-util-is-1.0.3.tgz",
      "integrity": "sha512-ZQBvi1DcpJ4GDqanjucZ2Hj3wEO5pZDS89BWbkcrvdxksJorwUDDZamX9ldFkp9aw2lmBDLgkObEA4DWNJ9FYQ=="
    },
    "node_modules/inherits": {
      "version": "2.0.4",
      "resolved": "https://registry.npmjs.org/inherits/-/inherits-2.0.4.tgz",
      "integrity": "sha512-k/vGaX4/Yla3WzyMCvTQOXYeIHvqOKtnqBduzTHpzpQZzAskKMhZ2K+EnBiSM9zGSoIFeMpXKxa4dYeZIQqewQ=="
    },
    "node_modules/isarray": {
      "version": "0.0.1",
      "resolved": "https://registry.npmjs.org/isarray/-/isarray-0.0.1.tgz",
      "integrity": "sha512-D2S+3GLxWH+uhrNEcoh/fnmYeP8E8/zHl644d/jdA0g2uyXvy3sb0qxotE+ne0LtccHknQzWwZEzhak7oJ0COQ=="
    },
    "node_modules/lodash": {
      "version": "3.10.1",
      "resolved": "https://registry.npmjs.org/lodash/-/lodash-3.10.1.tgz",
      "integrity": "sha512-9mDDwqVIma6OZX79ZlDACZl8sBm0TEnkf99zV3iMA4GzkIT/9hiqP5mY0HoT1iNLCrKc/R1HByV+yJfRWVJryQ=="
    },
    "node_modules/mysql": {
      "version": "2.10.2",
      "resolved": "https://registry.npmjs.org/mysql/-/mysql-2.10.2.tgz",
      "integrity": "sha512-HxvV/bWzpHT9PsctXmlY5VCrQ6GiX5pt6bE+tt6rDnAhepCXgpgHCHn9Ljxv9Z+1RVhG+fKtsq6Ot/busmL0Ug==",
      "dependencies": {
        "bignumber.js": "2.1.4",
        "readable-stream": "~1.1.13"
      },
      "engines": {
        "node": ">= 0.6"
      }
    },
    "node_modules/readable-stream": {
      "version": "1.1.14",
      "resolved": "https://registry.npmjs.org/readable-stream/-/readable-stream-1.1.14.tgz",
      "integrity": "sha512-+MeVjFf4L44XUkhM1eYbD8fyEsxcV81pqMSR5gblfcLCHfZvbrqy4/qYHE+/R5HoBUT11WV5O08Cr1n3YXkWVQ==",
      "dependencies": {
        "core-util-is": "~1.0.0",
        "inherits": "~2.0.1",
        "isarray": "0.0.1",
        "string_decoder": "~0.10.x"
      }
    },
    "node_modules/sails-mysql": {
      "version": "0.12.2",
      "resolved": "https://registry.npmjs.org/sails-mysql/-/sails-mysql-0.12.2.tgz",
      "integrity": "sha512-T0t5xayX4oCnFeKKs93j6tiTKsh58xLCJSk1YLmxk7rSlwmcmb2j9RxSCd/9PAY5lAaZmGZPcNOx/zWiJGnpQg==",
      "dependencies": {
        "async": "1.5.2",
        "lodash": "3.10.1",
        "mysql": "2.10.2",
        "waterline-cursor": "0.0.7",
        "waterline-errors": "0.10.1",
        "waterline-sequel": "0.6.4"
      }
    },
    "node_modules/string_decoder": {
      "version": "0.10.31",
      "resolved": "https://registry.npmjs.org/string_decoder/-/string_decoder-0.10.31.tgz",
      "integrity": "sha512-ev2QzSzWPYmy9GuqfIVildA4OdcGLeFZQrq5ys6RtiuF+RQQiZWr8TZNyAcuVXyQRYfEO+MsoB/1BuQVhOJuoQ=="
    },
    "node_modules/waterline-cursor": {
      "version": "0.0.7",
      "resolved": "https://registry.npmjs.org/waterline-cursor/-/waterline-cursor-0.0.7.tgz",
      "integrity": "sha512-tpNEllskLchJXp/Jr1NuKONTfpK42xOBSBcHQp74dT5rlSYrB5SLmmUd298Xs3ThgHAp/ZM7I+V1xBrKhGtrOg==",
      "dependencies": {
        "async": "1.5.2",
        "lodash": "3.10.1"
      }
    },
    "node_modules/waterline-errors": {
      "version": "0.10.1",
      "resolved": "https://registry.npmjs.org/waterline-errors/-/waterline-errors-0.10.1.tgz",
      "integrity": "sha512-xLs2jgnIkvzFpwKEk8ge11CcJZ8riOmvqaHmX/LFUsFDhKtDWVU5J/gxmaRnfbotnKXPBqJHcSn7Nefpk851Xg=="
    },
    "node_modules/waterline-sequel": {
      "version": "0.6.4",
      "resolved": "https://registry.npmjs.org/waterline-sequel/-/waterline-sequel-0.6.4.tgz",
      "integrity": "sha512-iEWo4J4s7TlOwvzmmHxC8YLp46TPIDiMJpPnWKbl/XlHZ9RwUe6+XA9fMx5sFrMJ4kEwUX6lHamCuHS79+Z/IQ==",
      "dependencies": {
        "lodash": "3.10.1"
      }
    }
  },
  "dependencies": {
    "async": {
      "version": "1.5.2",
      "resolved": "https://registry.npmjs.org/async/-/async-1.5.2.tgz",
      "integrity": "sha512-nSVgobk4rv61R9PUSDtYt7mPVB2olxNR5RWJcAsH676/ef11bUZwvu7+RGYrYauVdDPcO519v68wRhXQtxsV9w=="
    },
    "bignumber.js": {
      "version": "2.1.4",
      "resolved": "https://registry.npmjs.org/bignumber.js/-/bignumber.js-2.1.4.tgz",
      "integrity": "sha512-PhdpWV1ZW/iHEu6afTiECdXnajFqTHw9GciGVHPGPqtdTnglT0EiFrTga7uHJj76uXPIEEGgO/iTraWGGrd0dg=="
    },
    "core-util-is": {
      "version": "1.0.3",
      "resolved": "https://registry.npmjs.org/core-util-is/-/core-util-is-1.0.3.tgz",
      "integrity": "sha512-ZQBvi1DcpJ4GDqanjucZ2Hj3wEO5pZDS89BWbkcrvdxksJorwUDDZamX9ldFkp9aw2lmBDLgkObEA4DWNJ9FYQ=="
    },
    "inherits": {
      "version": "2.0.4",
      "resolved": "https://registry.npmjs.org/inherits/-/inherits-2.0.4.tgz",
      "integrity": "sha512-k/vGaX4/Yla3WzyMCvTQOXYeIHvqOKtnqBduzTHpzpQZzAskKMhZ2K+EnBiSM9zGSoIFeMpXKxa4dYeZIQqewQ=="
    },
    "isarray": {
      "version": "0.0.1",
      "resolved": "https://registry.npmjs.org/isarray/-/isarray-0.0.1.tgz",
      "integrity": "sha512-D2S+3GLxWH+uhrNEcoh/fnmYeP8E8/zHl644d/jdA0g2uyXvy3sb0qxotE+ne0LtccHknQzWwZEzhak7oJ0COQ=="
    },
    "lodash": {
      "version": "3.10.1",
      "resolved": "https://registry.npmjs.org/lodash/-/lodash-3.10.1.tgz",
      "integrity": "sha512-9mDDwqVIma6OZX79ZlDACZl8sBm0TEnkf99zV3iMA4GzkIT/9hiqP5mY0HoT1iNLCrKc/R1HByV+yJfRWVJryQ=="
    },
    "mysql": {
      "version": "2.10.2",
      "resolved": "https://registry.npmjs.org/mysql/-/mysql-2.10.2.tgz",
      "integrity": "sha512-HxvV/bWzpHT9PsctXmlY5VCrQ6GiX5pt6bE+tt6rDnAhepCXgpgHCHn9Ljxv9Z+1RVhG+fKtsq6Ot/busmL0Ug==",
      "requires": {
        "bignumber.js": "2.1.4",
        "readable-stream": "~1.1.13"
      }
    },
    "readable-stream": {
      "version": "1.1.14",
      "resolved": "https://registry.npmjs.org/readable-stream/-/readable-stream-1.1.14.tgz",
      "integrity": "sha512-+MeVjFf4L44XUkhM1eYbD8fyEsxcV81pqMSR5gblfcLCHfZvbrqy4/qYHE+/R5HoBUT11WV5O08Cr1n3YXkWVQ==",
      "requires": {
        "core-util-is": "~1.0.0",
        "inherits": "~2.0.1",
        "isarray": "0.0.1",
        "string_decoder": "~0.10.x"
      }
    },
    "sails-mysql": {
      "version": "0.12.2",
      "resolved": "https://registry.npmjs.org/sails-mysql/-/sails-mysql-0.12.2.tgz",
      "integrity": "sha512-T0t5xayX4oCnFeKKs93j6tiTKsh58xLCJSk1YLmxk7rSlwmcmb2j9RxSCd/9PAY5lAaZmGZPcNOx/zWiJGnpQg==",
      "requires": {
        "async": "1.5.2",
        "lodash": "3.10.1",
        "mysql": "2.10.2",
        "waterline-cursor": "0.0.7",
        "waterline-errors": "0.10.1",
        "waterline-sequel": "0.6.4"
      }
    },
    "string_decoder": {
      "version": "0.10.31",
      "resolved": "https://registry.npmjs.org/string_decoder/-/string_decoder-0.10.31.tgz",
      "integrity": "sha512-ev2QzSzWPYmy9GuqfIVildA4OdcGLeFZQrq5ys6RtiuF+RQQiZWr8TZNyAcuVXyQRYfEO+MsoB/1BuQVhOJuoQ=="
    },
    "waterline-cursor": {
      "version": "0.0.7",
      "resolved": "https://registry.npmjs.org/waterline-cursor/-/waterline-cursor-0.0.7.tgz",
      "integrity": "sha512-tpNEllskLchJXp/Jr1NuKONTfpK42xOBSBcHQp74dT5rlSYrB5SLmmUd298Xs3ThgHAp/ZM7I+V1xBrKhGtrOg==",
      "requires": {
        "async": "1.5.2",
        "lodash": "3.10.1"
      }
    },
    "waterline-errors": {
      "version": "0.10.1",
      "resolved": "https://registry.npmjs.org/waterline-errors/-/waterline-errors-0.10.1.tgz",
      "integrity": "sha512-xLs2jgnIkvzFpwKEk8ge11CcJZ8riOmvqaHmX/LFUsFDhKtDWVU5J/gxmaRnfbotnKXPBqJHcSn7Nefpk851Xg=="
    },
    "waterline-sequel": {
      "version": "0.6.4",
      "resolved": "https://registry.npmjs.org/waterline-sequel/-/waterline-sequel-0.6.4.tgz",
      "integrity": "sha512-iEWo4J4s7TlOwvzmmHxC8YLp46TPIDiMJpPnWKbl/XlHZ9RwUe6+XA9fMx5sFrMJ4kEwUX6lHamCuHS79+Z/IQ==",
      "requires": {
        "lodash": "3.10.1"
      }
    }
  }
}
